// !$*UTF8*$!
{
	archiveVersion = 1;
	classes = {
	};
	objectVersion = 55;
	objects = {

/* Begin PBXBuildFile section */
		2D00613A28738E3900AB2D05 /* AppDelegate.swift in Sources */ = {isa = PBXBuildFile; fileRef = 2D00613928738E3900AB2D05 /* AppDelegate.swift */; };
		2D00613E28738E3900AB2D05 /* ViewController.swift in Sources */ = {isa = PBXBuildFile; fileRef = 2D00613D28738E3900AB2D05 /* ViewController.swift */; };
		2D00614128738E3900AB2D05 /* Main.storyboard in Resources */ = {isa = PBXBuildFile; fileRef = 2D00613F28738E3900AB2D05 /* Main.storyboard */; };
		2D00614328738E3B00AB2D05 /* Assets.xcassets in Resources */ = {isa = PBXBuildFile; fileRef = 2D00614228738E3B00AB2D05 /* Assets.xcassets */; };
		2D00614628738E3B00AB2D05 /* LaunchScreen.storyboard in Resources */ = {isa = PBXBuildFile; fileRef = 2D00614428738E3B00AB2D05 /* LaunchScreen.storyboard */; };
		2D0061662873962700AB2D05 /* converse_obj.mtl in Resources */ = {isa = PBXBuildFile; fileRef = 2D0061612873962700AB2D05 /* converse_obj.mtl */; };
		2D0061672873962700AB2D05 /* converse_bump.jpg in Resources */ = {isa = PBXBuildFile; fileRef = 2D0061622873962700AB2D05 /* converse_bump.jpg */; };
		2D0061682873962700AB2D05 /* converse.jpg in Resources */ = {isa = PBXBuildFile; fileRef = 2D0061632873962700AB2D05 /* converse.jpg */; };
		2D0061692873962700AB2D05 /* converse_obj.obj in Resources */ = {isa = PBXBuildFile; fileRef = 2D0061642873962700AB2D05 /* converse_obj.obj */; };
		2D00616A2873962700AB2D05 /* laces.jpg in Resources */ = {isa = PBXBuildFile; fileRef = 2D0061652873962700AB2D05 /* laces.jpg */; };
		2D0061712873979E00AB2D05 /* Iphone seceond version finished.fbx in Resources */ = {isa = PBXBuildFile; fileRef = 2D00616B2873979C00AB2D05 /* Iphone seceond version finished.fbx */; };
		2D0061722873979E00AB2D05 /* Iphone seceond version finished.c4d in Resources */ = {isa = PBXBuildFile; fileRef = 2D00616C2873979D00AB2D05 /* Iphone seceond version finished.c4d */; };
		2D0061732873979E00AB2D05 /* camera-lens-icon.jpg in Resources */ = {isa = PBXBuildFile; fileRef = 2D00616D2873979D00AB2D05 /* camera-lens-icon.jpg */; };
		2D0061742873979E00AB2D05 /* Iphone seceond version finished.obj in Resources */ = {isa = PBXBuildFile; fileRef = 2D00616E2873979E00AB2D05 /* Iphone seceond version finished.obj */; };
		2D0061752873979E00AB2D05 /* iphone-x-screens-status-bar.jpg in Resources */ = {isa = PBXBuildFile; fileRef = 2D00616F2873979E00AB2D05 /* iphone-x-screens-status-bar.jpg */; };
		2D0061762873979E00AB2D05 /* Iphone_seceond_version_finished.mtl in Resources */ = {isa = PBXBuildFile; fileRef = 2D0061702873979E00AB2D05 /* Iphone_seceond_version_finished.mtl */; };
/* End PBXBuildFile section */

/* Begin PBXFileReference section */
		2D00613628738E3900AB2D05 /* scenekit-example.app */ = {isa = PBXFileReference; explicitFileType = wrapper.application; includeInIndex = 0; path = "scenekit-example.app"; sourceTree = BUILT_PRODUCTS_DIR; };
		2D00613928738E3900AB2D05 /* AppDelegate.swift */ = {isa = PBXFileReference; lastKnownFileType = sourcecode.swift; path = AppDelegate.swift; sourceTree = "<group>"; };
		2D00613D28738E3900AB2D05 /* ViewController.swift */ = {isa = PBXFileReference; lastKnownFileType = sourcecode.swift; path = ViewController.swift; sourceTree = "<group>"; };
		2D00614028738E3900AB2D05 /* Base */ = {isa = PBXFileReference; lastKnownFileType = file.storyboard; name = Base; path = Base.lproj/Main.storyboard; sourceTree = "<group>"; };
		2D00614228738E3B00AB2D05 /* Assets.xcassets */ = {isa = PBXFileReference; lastKnownFileType = folder.assetcatalog; path = Assets.xcassets; sourceTree = "<group>"; };
		2D00614528738E3B00AB2D05 /* Base */ = {isa = PBXFileReference; lastKnownFileType = file.storyboard; name = Base; path = Base.lproj/LaunchScreen.storyboard; sourceTree = "<group>"; };
		2D00614728738E3B00AB2D05 /* Info.plist */ = {isa = PBXFileReference; lastKnownFileType = text.plist.xml; path = Info.plist; sourceTree = "<group>"; };
		2D0061612873962700AB2D05 /* converse_obj.mtl */ = {isa = PBXFileReference; fileEncoding = 4; lastKnownFileType = text; path = converse_obj.mtl; sourceTree = "<group>"; };
		2D0061622873962700AB2D05 /* converse_bump.jpg */ = {isa = PBXFileReference; lastKnownFileType = image.jpeg; path = converse_bump.jpg; sourceTree = "<group>"; };
		2D0061632873962700AB2D05 /* converse.jpg */ = {isa = PBXFileReference; lastKnownFileType = image.jpeg; path = converse.jpg; sourceTree = "<group>"; };
		2D0061642873962700AB2D05 /* converse_obj.obj */ = {isa = PBXFileReference; fileEncoding = 4; lastKnownFileType = text; path = converse_obj.obj; sourceTree = "<group>"; };
		2D0061652873962700AB2D05 /* laces.jpg */ = {isa = PBXFileReference; lastKnownFileType = image.jpeg; path = laces.jpg; sourceTree = "<group>"; };
		2D00616B2873979C00AB2D05 /* Iphone seceond version finished.fbx */ = {isa = PBXFileReference; lastKnownFileType = file; path = "Iphone seceond version finished.fbx"; sourceTree = "<group>"; };
		2D00616C2873979D00AB2D05 /* Iphone seceond version finished.c4d */ = {isa = PBXFileReference; lastKnownFileType = file; path = "Iphone seceond version finished.c4d"; sourceTree = "<group>"; };
		2D00616D2873979D00AB2D05 /* camera-lens-icon.jpg */ = {isa = PBXFileReference; lastKnownFileType = image.jpeg; path = "camera-lens-icon.jpg"; sourceTree = "<group>"; };
		2D00616E2873979E00AB2D05 /* Iphone seceond version finished.obj */ = {isa = PBXFileReference; fileEncoding = 4; lastKnownFileType = text; path = "Iphone seceond version finished.obj"; sourceTree = "<group>"; };
		2D00616F2873979E00AB2D05 /* iphone-x-screens-status-bar.jpg */ = {isa = PBXFileReference; lastKnownFileType = image.jpeg; path = "iphone-x-screens-status-bar.jpg"; sourceTree = "<group>"; };
		2D0061702873979E00AB2D05 /* Iphone_seceond_version_finished.mtl */ = {isa = PBXFileReference; fileEncoding = 4; lastKnownFileType = text; path = Iphone_seceond_version_finished.mtl; sourceTree = "<group>"; };
/* End PBXFileReference section */

/* Begin PBXFrameworksBuildPhase section */
		2D00613328738E3900AB2D05 /* Frameworks */ = {
			isa = PBXFrameworksBuildPhase;
			buildActionMask = 2147483647;
			files = (
			);
			runOnlyForDeploymentPostprocessing = 0;
		};
/* End PBXFrameworksBuildPhase section */

/* Begin PBXGroup section */
		2D00612D28738E3900AB2D05 = {
			isa = PBXGroup;
			children = (
				2D00613828738E3900AB2D05 /* scenekit-example */,
				2D00613728738E3900AB2D05 /* Products */,
			);
			sourceTree = "<group>";
		};
		2D00613728738E3900AB2D05 /* Products */ = {
			isa = PBXGroup;
			children = (
				2D00613628738E3900AB2D05 /* scenekit-example.app */,
			);
			name = Products;
			sourceTree = "<group>";
		};
		2D00613828738E3900AB2D05 /* scenekit-example */ = {
			isa = PBXGroup;
			children = (
				2D00614D28738E7E00AB2D05 /* Resources */,
				2D00613928738E3900AB2D05 /* AppDelegate.swift */,
				2D00613D28738E3900AB2D05 /* ViewController.swift */,
				2D00613F28738E3900AB2D05 /* Main.storyboard */,
				2D00614428738E3B00AB2D05 /* LaunchScreen.storyboard */,
				2D00614728738E3B00AB2D05 /* Info.plist */,
			);
			path = "scenekit-example";
			sourceTree = "<group>";
		};
		2D00614D28738E7E00AB2D05 /* Resources */ = {
			isa = PBXGroup;
			children = (
				2D00614E28738E8800AB2D05 /* 3D */,
				2D00614228738E3B00AB2D05 /* Assets.xcassets */,
			);
			path = Resources;
			sourceTree = "<group>";
		};
		2D00614E28738E8800AB2D05 /* 3D */ = {
			isa = PBXGroup;
			children = (
				2D0061772873983A00AB2D05 /* iphone */,
				2D0061602873962700AB2D05 /* converse_model */,
			);
			path = 3D;
			sourceTree = "<group>";
		};
		2D0061602873962700AB2D05 /* converse_model */ = {
			isa = PBXGroup;
			children = (
				2D0061612873962700AB2D05 /* converse_obj.mtl */,
				2D0061622873962700AB2D05 /* converse_bump.jpg */,
				2D0061632873962700AB2D05 /* converse.jpg */,
				2D0061642873962700AB2D05 /* converse_obj.obj */,
				2D0061652873962700AB2D05 /* laces.jpg */,
			);
			path = converse_model;
			sourceTree = "<group>";
		};
		2D0061772873983A00AB2D05 /* iphone */ = {
			isa = PBXGroup;
			children = (
				2D00616D2873979D00AB2D05 /* camera-lens-icon.jpg */,
				2D00616C2873979D00AB2D05 /* Iphone seceond version finished.c4d */,
				2D00616B2873979C00AB2D05 /* Iphone seceond version finished.fbx */,
				2D00616E2873979E00AB2D05 /* Iphone seceond version finished.obj */,
				2D0061702873979E00AB2D05 /* Iphone_seceond_version_finished.mtl */,
				2D00616F2873979E00AB2D05 /* iphone-x-screens-status-bar.jpg */,
			);
			path = iphone;
			sourceTree = "<group>";
		};
/* End PBXGroup section */

/* Begin PBXNativeTarget section */
		2D00613528738E3900AB2D05 /* scenekit-example */ = {
			isa = PBXNativeTarget;
			buildConfigurationList = 2D00614A28738E3B00AB2D05 /* Build configuration list for PBXNativeTarget "scenekit-example" */;
			buildPhases = (
				2D00613228738E3900AB2D05 /* Sources */,
				2D00613328738E3900AB2D05 /* Frameworks */,
				2D00613428738E3900AB2D05 /* Resources */,
			);
			buildRules = (
			);
			dependencies = (
			);
			name = "scenekit-example";
			productName = "scenekit-example";
			productReference = 2D00613628738E3900AB2D05 /* scenekit-example.app */;
			productType = "com.apple.product-type.application";
		};
/* End PBXNativeTarget section */

/* Begin PBXProject section */
		2D00612E28738E3900AB2D05 /* Project object */ = {
			isa = PBXProject;
			attributes = {
				BuildIndependentTargetsInParallel = 1;
				LastSwiftUpdateCheck = 1340;
				LastUpgradeCheck = 1340;
				TargetAttributes = {
					2D00613528738E3900AB2D05 = {
						CreatedOnToolsVersion = 13.4;
					};
				};
			};
			buildConfigurationList = 2D00613128738E3900AB2D05 /* Build configuration list for PBXProject "scenekit-example" */;
			compatibilityVersion = "Xcode 13.0";
			developmentRegion = en;
			hasScannedForEncodings = 0;
			knownRegions = (
				en,
				Base,
			);
			mainGroup = 2D00612D28738E3900AB2D05;
			productRefGroup = 2D00613728738E3900AB2D05 /* Products */;
			projectDirPath = "";
			projectRoot = "";
			targets = (
				2D00613528738E3900AB2D05 /* scenekit-example */,
			);
		};
/* End PBXProject section */

/* Begin PBXResourcesBuildPhase section */
		2D00613428738E3900AB2D05 /* Resources */ = {
			isa = PBXResourcesBuildPhase;
			buildActionMask = 2147483647;
			files = (
				2D0061722873979E00AB2D05 /* Iphone seceond version finished.c4d in Resources */,
				2D0061692873962700AB2D05 /* converse_obj.obj in Resources */,
				2D0061672873962700AB2D05 /* converse_bump.jpg in Resources */,
				2D00616A2873962700AB2D05 /* laces.jpg in Resources */,
				2D0061742873979E00AB2D05 /* Iphone seceond version finished.obj in Resources */,
				2D0061662873962700AB2D05 /* converse_obj.mtl in Resources */,
				2D0061752873979E00AB2D05 /* iphone-x-screens-status-bar.jpg in Resources */,
				2D0061712873979E00AB2D05 /* Iphone seceond version finished.fbx in Resources */,
				2D0061682873962700AB2D05 /* converse.jpg in Resources */,
				2D00614628738E3B00AB2D05 /* LaunchScreen.storyboard in Resources */,
				2D0061732873979E00AB2D05 /* camera-lens-icon.jpg in Resources */,
				2D00614328738E3B00AB2D05 /* Assets.xcassets in Resources */,
				2D00614128738E3900AB2D05 /* Main.storyboard in Resources */,
				2D0061762873979E00AB2D05 /* Iphone_seceond_version_finished.mtl in Resources */,
			);
			runOnlyForDeploymentPostprocessing = 0;
		};
/* End PBXResourcesBuildPhase section */

/* Begin PBXSourcesBuildPhase section */
		2D00613228738E3900AB2D05 /* Sources */ = {
			isa = PBXSourcesBuildPhase;
			buildActionMask = 2147483647;
			files = (
				2D00613E28738E3900AB2D05 /* ViewController.swift in Sources */,
				2D00613A28738E3900AB2D05 /* AppDelegate.swift in Sources */,
			);
			runOnlyForDeploymentPostprocessing = 0;
		};
/* End PBXSourcesBuildPhase section */

/* Begin PBXVariantGroup section */
		2D00613F28738E3900AB2D05 /* Main.storyboard */ = {
			isa = PBXVariantGroup;
			children = (
				2D00614028738E3900AB2D05 /* Base */,
			);
			name = Main.storyboard;
			sourceTree = "<group>";
		};
		2D00614428738E3B00AB2D05 /* LaunchScreen.storyboard */ = {
			isa = PBXVariantGroup;
			children = (
				2D00614528738E3B00AB2D05 /* Base */,
			);
			name = LaunchScreen.storyboard;
			sourceTree = "<group>";
		};
/* End PBXVariantGroup section */

/* Begin XCBuildConfiguration section */
		2D00614828738E3B00AB2D05 /* Debug */ = {
			isa = XCBuildConfiguration;
			buildSettings = {
				ALWAYS_SEARCH_USER_PATHS = NO;
				CLANG_ANALYZER_NONNULL = YES;
				CLANG_ANALYZER_NUMBER_OBJECT_CONVERSION = YES_AGGRESSIVE;
				CLANG_CXX_LANGUAGE_STANDARD = "gnu++17";
				CLANG_ENABLE_MODULES = YES;
				CLANG_ENABLE_OBJC_ARC = YES;
				CLANG_ENABLE_OBJC_WEAK = YES;
				CLANG_WARN_BLOCK_CAPTURE_AUTORELEASING = YES;
				CLANG_WARN_BOOL_CONVERSION = YES;
				CLANG_WARN_COMMA = YES;
				CLANG_WARN_CONSTANT_CONVERSION = YES;
				CLANG_WARN_DEPRECATED_OBJC_IMPLEMENTATIONS = YES;
				CLANG_WARN_DIRECT_OBJC_ISA_USAGE = YES_ERROR;
				CLANG_WARN_DOCUMENTATION_COMMENTS = YES;
				CLANG_WARN_EMPTY_BODY = YES;
				CLANG_WARN_ENUM_CONVERSION = YES;
				CLANG_WARN_INFINITE_RECURSION = YES;
				CLANG_WARN_INT_CONVERSION = YES;
				CLANG_WARN_NON_LITERAL_NULL_CONVERSION = YES;
				CLANG_WARN_OBJC_IMPLICIT_RETAIN_SELF = YES;
				CLANG_WARN_OBJC_LITERAL_CONVERSION = YES;
				CLANG_WARN_OBJC_ROOT_CLASS = YES_ERROR;
				CLANG_WARN_QUOTED_INCLUDE_IN_FRAMEWORK_HEADER = YES;
				CLANG_WARN_RANGE_LOOP_ANALYSIS = YES;
				CLANG_WARN_STRICT_PROTOTYPES = YES;
				CLANG_WARN_SUSPICIOUS_MOVE = YES;
				CLANG_WARN_UNGUARDED_AVAILABILITY = YES_AGGRESSIVE;
				CLANG_WARN_UNREACHABLE_CODE = YES;
				CLANG_WARN__DUPLICATE_METHOD_MATCH = YES;
				COPY_PHASE_STRIP = NO;
				DEBUG_INFORMATION_FORMAT = dwarf;
				ENABLE_STRICT_OBJC_MSGSEND = YES;
				ENABLE_TESTABILITY = YES;
				GCC_C_LANGUAGE_STANDARD = gnu11;
				GCC_DYNAMIC_NO_PIC = NO;
				GCC_NO_COMMON_BLOCKS = YES;
				GCC_OPTIMIZATION_LEVEL = 0;
				GCC_PREPROCESSOR_DEFINITIONS = (
					"DEBUG=1",
					"$(inherited)",
				);
				GCC_WARN_64_TO_32_BIT_CONVERSION = YES;
				GCC_WARN_ABOUT_RETURN_TYPE = YES_ERROR;
				GCC_WARN_UNDECLARED_SELECTOR = YES;
				GCC_WARN_UNINITIALIZED_AUTOS = YES_AGGRESSIVE;
				GCC_WARN_UNUSED_FUNCTION = YES;
				GCC_WARN_UNUSED_VARIABLE = YES;
				IPHONEOS_DEPLOYMENT_TARGET = 15.5;
				MTL_ENABLE_DEBUG_INFO = INCLUDE_SOURCE;
				MTL_FAST_MATH = YES;
				ONLY_ACTIVE_ARCH = YES;
				SDKROOT = iphoneos;
				SWIFT_ACTIVE_COMPILATION_CONDITIONS = DEBUG;
				SWIFT_OPTIMIZATION_LEVEL = "-Onone";
			};
			name = Debug;
		};
		2D00614928738E3B00AB2D05 /* Release */ = {
			isa = XCBuildConfiguration;
			buildSettings = {
				ALWAYS_SEARCH_USER_PATHS = NO;
				CLANG_ANALYZER_NONNULL = YES;
				CLANG_ANALYZER_NUMBER_OBJECT_CONVERSION = YES_AGGRESSIVE;
				CLANG_CXX_LANGUAGE_STANDARD = "gnu++17";
				CLANG_ENABLE_MODULES = YES;
				CLANG_ENABLE_OBJC_ARC = YES;
				CLANG_ENABLE_OBJC_WEAK = YES;
				CLANG_WARN_BLOCK_CAPTURE_AUTORELEASING = YES;
				CLANG_WARN_BOOL_CONVERSION = YES;
				CLANG_WARN_COMMA = YES;
				CLANG_WARN_CONSTANT_CONVERSION = YES;
				CLANG_WARN_DEPRECATED_OBJC_IMPLEMENTATIONS = YES;
				CLANG_WARN_DIRECT_OBJC_ISA_USAGE = YES_ERROR;
				CLANG_WARN_DOCUMENTATION_COMMENTS = YES;
				CLANG_WARN_EMPTY_BODY = YES;
				CLANG_WARN_ENUM_CONVERSION = YES;
				CLANG_WARN_INFINITE_RECURSION = YES;
				CLANG_WARN_INT_CONVERSION = YES;
				CLANG_WARN_NON_LITERAL_NULL_CONVERSION = YES;
				CLANG_WARN_OBJC_IMPLICIT_RETAIN_SELF = YES;
				CLANG_WARN_OBJC_LITERAL_CONVERSION = YES;
				CLANG_WARN_OBJC_ROOT_CLASS = YES_ERROR;
				CLANG_WARN_QUOTED_INCLUDE_IN_FRAMEWORK_HEADER = YES;
				CLANG_WARN_RANGE_LOOP_ANALYSIS = YES;
				CLANG_WARN_STRICT_PROTOTYPES = YES;
				CLANG_WARN_SUSPICIOUS_MOVE = YES;
				CLANG_WARN_UNGUARDED_AVAILABILITY = YES_AGGRESSIVE;
				CLANG_WARN_UNREACHABLE_CODE = YES;
				CLANG_WARN__DUPLICATE_METHOD_MATCH = YES;
				COPY_PHASE_STRIP = NO;
				DEBUG_INFORMATION_FORMAT = "dwarf-with-dsym";
				ENABLE_NS_ASSERTIONS = NO;
				ENABLE_STRICT_OBJC_MSGSEND = YES;
				GCC_C_LANGUAGE_STANDARD = gnu11;
				GCC_NO_COMMON_BLOCKS = YES;
				GCC_WARN_64_TO_32_BIT_CONVERSION = YES;
				GCC_WARN_ABOUT_RETURN_TYPE = YES_ERROR;
				GCC_WARN_UNDECLARED_SELECTOR = YES;
				GCC_WARN_UNINITIALIZED_AUTOS = YES_AGGRESSIVE;
				GCC_WARN_UNUSED_FUNCTION = YES;
				GCC_WARN_UNUSED_VARIABLE = YES;
				IPHONEOS_DEPLOYMENT_TARGET = 15.5;
				MTL_ENABLE_DEBUG_INFO = NO;
				MTL_FAST_MATH = YES;
				SDKROOT = iphoneos;
				SWIFT_COMPILATION_MODE = wholemodule;
				SWIFT_OPTIMIZATION_LEVEL = "-O";
				VALIDATE_PRODUCT = YES;
			};
			name = Release;
		};
		2D00614B28738E3B00AB2D05 /* Debug */ = {
			isa = XCBuildConfiguration;
			buildSettings = {
				ASSETCATALOG_COMPILER_APPICON_NAME = AppIcon;
				ASSETCATALOG_COMPILER_GLOBAL_ACCENT_COLOR_NAME = AccentColor;
				CODE_SIGN_STYLE = Automatic;
				CURRENT_PROJECT_VERSION = 1;
				DEVELOPMENT_TEAM = D8W9RJFTST;
				GENERATE_INFOPLIST_FILE = YES;
				INFOPLIST_FILE = "scenekit-example/Info.plist";
				INFOPLIST_KEY_UIApplicationSupportsIndirectInputEvents = YES;
				INFOPLIST_KEY_UILaunchStoryboardName = LaunchScreen;
				INFOPLIST_KEY_UIMainStoryboardFile = Main;
				INFOPLIST_KEY_UISupportedInterfaceOrientations_iPad = "UIInterfaceOrientationPortrait UIInterfaceOrientationPortraitUpsideDown UIInterfaceOrientationLandscapeLeft UIInterfaceOrientationLandscapeRight";
				INFOPLIST_KEY_UISupportedInterfaceOrientations_iPhone = "UIInterfaceOrientationPortrait UIInterfaceOrientationLandscapeLeft UIInterfaceOrientationLandscapeRight";
				LD_RUNPATH_SEARCH_PATHS = (
					"$(inherited)",
					"@executable_path/Frameworks",
				);
				MARKETING_VERSION = 1.0;
				PRODUCT_BUNDLE_IDENTIFIER = "grunenkov.scenekit-example";
				PRODUCT_NAME = "$(TARGET_NAME)";
				SWIFT_EMIT_LOC_STRINGS = YES;
				SWIFT_VERSION = 5.0;
				TARGETED_DEVICE_FAMILY = "1,2";
			};
			name = Debug;
		};
		2D00614C28738E3B00AB2D05 /* Release */ = {
			isa = XCBuildConfiguration;
			buildSettings = {
				ASSETCATALOG_COMPILER_APPICON_NAME = AppIcon;
				ASSETCATALOG_COMPILER_GLOBAL_ACCENT_COLOR_NAME = AccentColor;
				CODE_SIGN_STYLE = Automatic;
				CURRENT_PROJECT_VERSION = 1;
				DEVELOPMENT_TEAM = D8W9RJFTST;
				GENERATE_INFOPLIST_FILE = YES;
				INFOPLIST_FILE = "scenekit-example/Info.plist";
				INFOPLIST_KEY_UIApplicationSupportsIndirectInputEvents = YES;
				INFOPLIST_KEY_UILaunchStoryboardName = LaunchScreen;
				INFOPLIST_KEY_UIMainStoryboardFile = Main;
				INFOPLIST_KEY_UISupportedInterfaceOrientations_iPad = "UIInterfaceOrientationPortrait UIInterfaceOrientationPortraitUpsideDown UIInterfaceOrientationLandscapeLeft UIInterfaceOrientationLandscapeRight";
				INFOPLIST_KEY_UISupportedInterfaceOrientations_iPhone = "UIInterfaceOrientationPortrait UIInterfaceOrientationLandscapeLeft UIInterfaceOrientationLandscapeRight";
				LD_RUNPATH_SEARCH_PATHS = (
					"$(inherited)",
					"@executable_path/Frameworks",
				);
				MARKETING_VERSION = 1.0;
				PRODUCT_BUNDLE_IDENTIFIER = "grunenkov.scenekit-example";
				PRODUCT_NAME = "$(TARGET_NAME)";
				SWIFT_EMIT_LOC_STRINGS = YES;
				SWIFT_VERSION = 5.0;
				TARGETED_DEVICE_FAMILY = "1,2";
			};
			name = Release;
		};
/* End XCBuildConfiguration section */

/* Begin XCConfigurationList section */
		2D00613128738E3900AB2D05 /* Build configuration list for PBXProject "scenekit-example" */ = {
			isa = XCConfigurationList;
			buildConfigurations = (
				2D00614828738E3B00AB2D05 /* Debug */,
				2D00614928738E3B00AB2D05 /* Release */,
			);
			defaultConfigurationIsVisible = 0;
			defaultConfigurationName = Release;
		};
		2D00614A28738E3B00AB2D05 /* Build configuration list for PBXNativeTarget "scenekit-example" */ = {
			isa = XCConfigurationList;
			buildConfigurations = (
				2D00614B28738E3B00AB2D05 /* Debug */,
				2D00614C28738E3B00AB2D05 /* Release */,
			);
			defaultConfigurationIsVisible = 0;
			defaultConfigurationName = Release;
		};
/* End XCConfigurationList section */
	};
	rootObject = 2D00612E28738E3900AB2D05 /* Project object */;
}
